// !$*UTF8*$!
{
	archiveVersion = 1;
	classes = {
	};
	objectVersion = 50;
	objects = {

/* Begin PBXBuildFile section */
		5B0CA95925D1208A003257DF /* NetworkExtension.framework in Frameworks */ = {isa = PBXBuildFile; fileRef = 5B0CA95825D1208A003257DF /* NetworkExtension.framework */; };
		5B0CA97025D1399A003257DF /* AddRecipeViewController.swift in Sources */ = {isa = PBXBuildFile; fileRef = 5B0CA96F25D1399A003257DF /* AddRecipeViewController.swift */; };
		5B0CA97525D139A4003257DF /* AddRecipeViewModel.swift in Sources */ = {isa = PBXBuildFile; fileRef = 5B0CA97425D139A4003257DF /* AddRecipeViewModel.swift */; };
		5B79EF3025F589710090AD8B /* RecipeCellViewModel.swift in Sources */ = {isa = PBXBuildFile; fileRef = 5B79EF2F25F589710090AD8B /* RecipeCellViewModel.swift */; };
		5B955C4825F2D12A005B9669 /* ImageView+Exension.swift in Sources */ = {isa = PBXBuildFile; fileRef = 5B955C4725F2D12A005B9669 /* ImageView+Exension.swift */; };
		5BEE0DCB25B21E7D00F4158F /* AppDelegate.swift in Sources */ = {isa = PBXBuildFile; fileRef = 5BEE0DCA25B21E7D00F4158F /* AppDelegate.swift */; };
		5BEE0DCD25B21E7D00F4158F /* SceneDelegate.swift in Sources */ = {isa = PBXBuildFile; fileRef = 5BEE0DCC25B21E7D00F4158F /* SceneDelegate.swift */; };
		5BEE0DD425B21E7D00F4158F /* Assets.xcassets in Resources */ = {isa = PBXBuildFile; fileRef = 5BEE0DD325B21E7D00F4158F /* Assets.xcassets */; };
		5BEE0DD725B21E7D00F4158F /* LaunchScreen.storyboard in Resources */ = {isa = PBXBuildFile; fileRef = 5BEE0DD525B21E7D00F4158F /* LaunchScreen.storyboard */; };
		5BEE0DE225B21E7E00F4158F /* PersonalRecipeTests.swift in Sources */ = {isa = PBXBuildFile; fileRef = 5BEE0DE125B21E7E00F4158F /* PersonalRecipeTests.swift */; };
		5BEE0DED25B21E7E00F4158F /* PersonalRecipeUITests.swift in Sources */ = {isa = PBXBuildFile; fileRef = 5BEE0DEC25B21E7E00F4158F /* PersonalRecipeUITests.swift */; };
		5BEE0E0E25B222E700F4158F /* RecipesViewModel.swift in Sources */ = {isa = PBXBuildFile; fileRef = 5BEE0E0925B222E700F4158F /* RecipesViewModel.swift */; };
		5BEE0E0F25B222E700F4158F /* EmptyView.swift in Sources */ = {isa = PBXBuildFile; fileRef = 5BEE0E0B25B222E700F4158F /* EmptyView.swift */; };
		5BEE0E1025B222E700F4158F /* RecipesViewController.swift in Sources */ = {isa = PBXBuildFile; fileRef = 5BEE0E0C25B222E700F4158F /* RecipesViewController.swift */; };
		5BEE0E1125B222E700F4158F /* ReceipeCell.swift in Sources */ = {isa = PBXBuildFile; fileRef = 5BEE0E0D25B222E700F4158F /* ReceipeCell.swift */; };
		5BEE0E1725B222F600F4158F /* Recipe.swift in Sources */ = {isa = PBXBuildFile; fileRef = 5BEE0E1625B222F600F4158F /* Recipe.swift */; };
		5BEE0E2225B2230000F4158F /* LaunchScreen.strings in Resources */ = {isa = PBXBuildFile; fileRef = 5BEE0E1C25B2230000F4158F /* LaunchScreen.strings */; };
		5BEE0E2425B2230000F4158F /* Localizable.strings in Resources */ = {isa = PBXBuildFile; fileRef = 5BEE0E2025B2230000F4158F /* Localizable.strings */; };
		5BEE0E2E25B2230600F4158F /* UIAlertController+Extension.swift in Sources */ = {isa = PBXBuildFile; fileRef = 5BEE0E2925B2230600F4158F /* UIAlertController+Extension.swift */; };
		5BEE0E2F25B2230600F4158F /* Strings+Extension.swift in Sources */ = {isa = PBXBuildFile; fileRef = 5BEE0E2A25B2230600F4158F /* Strings+Extension.swift */; };
		5BEE0E3025B2230600F4158F /* DeviceType.swift in Sources */ = {isa = PBXBuildFile; fileRef = 5BEE0E2B25B2230600F4158F /* DeviceType.swift */; };
		5BEE0E3125B2230600F4158F /* AppConstants.swift in Sources */ = {isa = PBXBuildFile; fileRef = 5BEE0E2C25B2230600F4158F /* AppConstants.swift */; };
		5BEE0E3225B2230600F4158F /* Endpoint.swift in Sources */ = {isa = PBXBuildFile; fileRef = 5BEE0E2D25B2230600F4158F /* Endpoint.swift */; };
		5BEE0E3A25B2230E00F4158F /* APIError.swift in Sources */ = {isa = PBXBuildFile; fileRef = 5BEE0E3725B2230E00F4158F /* APIError.swift */; };
		5BEE0E3B25B2230E00F4158F /* ServiceManager.swift in Sources */ = {isa = PBXBuildFile; fileRef = 5BEE0E3825B2230E00F4158F /* ServiceManager.swift */; };
		5BEE0E3C25B2230E00F4158F /* Status.swift in Sources */ = {isa = PBXBuildFile; fileRef = 5BEE0E3925B2230E00F4158F /* Status.swift */; };
		5BEE0E4525B2231800F4158F /* CellType.swift in Sources */ = {isa = PBXBuildFile; fileRef = 5BEE0E4125B2231800F4158F /* CellType.swift */; };
		5BEE0E4625B2231800F4158F /* HeaderViewModel.swift in Sources */ = {isa = PBXBuildFile; fileRef = 5BEE0E4225B2231800F4158F /* HeaderViewModel.swift */; };
		5BEE0E4725B2231800F4158F /* LoadingState.swift in Sources */ = {isa = PBXBuildFile; fileRef = 5BEE0E4325B2231800F4158F /* LoadingState.swift */; };
		5BEE0E4825B2231800F4158F /* AlertViewModel.swift in Sources */ = {isa = PBXBuildFile; fileRef = 5BEE0E4425B2231800F4158F /* AlertViewModel.swift */; };
/* End PBXBuildFile section */

/* Begin PBXContainerItemProxy section */
		5BEE0DDE25B21E7E00F4158F /* PBXContainerItemProxy */ = {
			isa = PBXContainerItemProxy;
			containerPortal = 5BEE0DBF25B21E7D00F4158F /* Project object */;
			proxyType = 1;
			remoteGlobalIDString = 5BEE0DC625B21E7D00F4158F;
			remoteInfo = PersonalRecipe;
		};
		5BEE0DE925B21E7E00F4158F /* PBXContainerItemProxy */ = {
			isa = PBXContainerItemProxy;
			containerPortal = 5BEE0DBF25B21E7D00F4158F /* Project object */;
			proxyType = 1;
			remoteGlobalIDString = 5BEE0DC625B21E7D00F4158F;
			remoteInfo = PersonalRecipe;
		};
/* End PBXContainerItemProxy section */

/* Begin PBXFileReference section */
		5B0CA95725D12089003257DF /* PersonalRecipe.entitlements */ = {isa = PBXFileReference; lastKnownFileType = text.plist.entitlements; path = PersonalRecipe.entitlements; sourceTree = "<group>"; };
		5B0CA95825D1208A003257DF /* NetworkExtension.framework */ = {isa = PBXFileReference; lastKnownFileType = wrapper.framework; name = NetworkExtension.framework; path = System/Library/Frameworks/NetworkExtension.framework; sourceTree = SDKROOT; };
		5B0CA96F25D1399A003257DF /* AddRecipeViewController.swift */ = {isa = PBXFileReference; lastKnownFileType = sourcecode.swift; path = AddRecipeViewController.swift; sourceTree = "<group>"; };
		5B0CA97425D139A4003257DF /* AddRecipeViewModel.swift */ = {isa = PBXFileReference; lastKnownFileType = sourcecode.swift; path = AddRecipeViewModel.swift; sourceTree = "<group>"; };
		5B79EF2F25F589710090AD8B /* RecipeCellViewModel.swift */ = {isa = PBXFileReference; lastKnownFileType = sourcecode.swift; path = RecipeCellViewModel.swift; sourceTree = "<group>"; };
		5B955C4725F2D12A005B9669 /* ImageView+Exension.swift */ = {isa = PBXFileReference; lastKnownFileType = sourcecode.swift; path = "ImageView+Exension.swift"; sourceTree = "<group>"; };
		5BEE0DC725B21E7D00F4158F /* PersonalRecipe.app */ = {isa = PBXFileReference; explicitFileType = wrapper.application; includeInIndex = 0; path = PersonalRecipe.app; sourceTree = BUILT_PRODUCTS_DIR; };
		5BEE0DCA25B21E7D00F4158F /* AppDelegate.swift */ = {isa = PBXFileReference; lastKnownFileType = sourcecode.swift; path = AppDelegate.swift; sourceTree = "<group>"; };
		5BEE0DCC25B21E7D00F4158F /* SceneDelegate.swift */ = {isa = PBXFileReference; lastKnownFileType = sourcecode.swift; path = SceneDelegate.swift; sourceTree = "<group>"; };
		5BEE0DD325B21E7D00F4158F /* Assets.xcassets */ = {isa = PBXFileReference; lastKnownFileType = folder.assetcatalog; path = Assets.xcassets; sourceTree = "<group>"; };
		5BEE0DD625B21E7D00F4158F /* Base */ = {isa = PBXFileReference; lastKnownFileType = file.storyboard; name = Base; path = Base.lproj/LaunchScreen.storyboard; sourceTree = "<group>"; };
		5BEE0DD825B21E7D00F4158F /* Info.plist */ = {isa = PBXFileReference; lastKnownFileType = text.plist.xml; path = Info.plist; sourceTree = "<group>"; };
		5BEE0DDD25B21E7E00F4158F /* PersonalRecipeTests.xctest */ = {isa = PBXFileReference; explicitFileType = wrapper.cfbundle; includeInIndex = 0; path = PersonalRecipeTests.xctest; sourceTree = BUILT_PRODUCTS_DIR; };
		5BEE0DE125B21E7E00F4158F /* PersonalRecipeTests.swift */ = {isa = PBXFileReference; lastKnownFileType = sourcecode.swift; path = PersonalRecipeTests.swift; sourceTree = "<group>"; };
		5BEE0DE325B21E7E00F4158F /* Info.plist */ = {isa = PBXFileReference; lastKnownFileType = text.plist.xml; path = Info.plist; sourceTree = "<group>"; };
		5BEE0DE825B21E7E00F4158F /* PersonalRecipeUITests.xctest */ = {isa = PBXFileReference; explicitFileType = wrapper.cfbundle; includeInIndex = 0; path = PersonalRecipeUITests.xctest; sourceTree = BUILT_PRODUCTS_DIR; };
		5BEE0DEC25B21E7E00F4158F /* PersonalRecipeUITests.swift */ = {isa = PBXFileReference; lastKnownFileType = sourcecode.swift; path = PersonalRecipeUITests.swift; sourceTree = "<group>"; };
		5BEE0DEE25B21E7E00F4158F /* Info.plist */ = {isa = PBXFileReference; lastKnownFileType = text.plist.xml; path = Info.plist; sourceTree = "<group>"; };
		5BEE0E0925B222E700F4158F /* RecipesViewModel.swift */ = {isa = PBXFileReference; fileEncoding = 4; lastKnownFileType = sourcecode.swift; path = RecipesViewModel.swift; sourceTree = "<group>"; };
		5BEE0E0B25B222E700F4158F /* EmptyView.swift */ = {isa = PBXFileReference; fileEncoding = 4; lastKnownFileType = sourcecode.swift; path = EmptyView.swift; sourceTree = "<group>"; };
		5BEE0E0C25B222E700F4158F /* RecipesViewController.swift */ = {isa = PBXFileReference; fileEncoding = 4; lastKnownFileType = sourcecode.swift; path = RecipesViewController.swift; sourceTree = "<group>"; };
		5BEE0E0D25B222E700F4158F /* ReceipeCell.swift */ = {isa = PBXFileReference; fileEncoding = 4; lastKnownFileType = sourcecode.swift; path = ReceipeCell.swift; sourceTree = "<group>"; };
		5BEE0E1625B222F600F4158F /* Recipe.swift */ = {isa = PBXFileReference; fileEncoding = 4; lastKnownFileType = sourcecode.swift; path = Recipe.swift; sourceTree = "<group>"; };
		5BEE0E1D25B2230000F4158F /* en */ = {isa = PBXFileReference; lastKnownFileType = text.plist.strings; name = en; path = LaunchScreen.strings; sourceTree = "<group>"; };
		5BEE0E2125B2230000F4158F /* en */ = {isa = PBXFileReference; lastKnownFileType = text.plist.strings; name = en; path = Localizable.strings; sourceTree = "<group>"; };
		5BEE0E2925B2230600F4158F /* UIAlertController+Extension.swift */ = {isa = PBXFileReference; fileEncoding = 4; lastKnownFileType = sourcecode.swift; path = "UIAlertController+Extension.swift"; sourceTree = "<group>"; };
		5BEE0E2A25B2230600F4158F /* Strings+Extension.swift */ = {isa = PBXFileReference; fileEncoding = 4; lastKnownFileType = sourcecode.swift; path = "Strings+Extension.swift"; sourceTree = "<group>"; };
		5BEE0E2B25B2230600F4158F /* DeviceType.swift */ = {isa = PBXFileReference; fileEncoding = 4; lastKnownFileType = sourcecode.swift; path = DeviceType.swift; sourceTree = "<group>"; };
		5BEE0E2C25B2230600F4158F /* AppConstants.swift */ = {isa = PBXFileReference; fileEncoding = 4; lastKnownFileType = sourcecode.swift; path = AppConstants.swift; sourceTree = "<group>"; };
		5BEE0E2D25B2230600F4158F /* Endpoint.swift */ = {isa = PBXFileReference; fileEncoding = 4; lastKnownFileType = sourcecode.swift; path = Endpoint.swift; sourceTree = "<group>"; };
		5BEE0E3725B2230E00F4158F /* APIError.swift */ = {isa = PBXFileReference; fileEncoding = 4; lastKnownFileType = sourcecode.swift; path = APIError.swift; sourceTree = "<group>"; };
		5BEE0E3825B2230E00F4158F /* ServiceManager.swift */ = {isa = PBXFileReference; fileEncoding = 4; lastKnownFileType = sourcecode.swift; path = ServiceManager.swift; sourceTree = "<group>"; };
		5BEE0E3925B2230E00F4158F /* Status.swift */ = {isa = PBXFileReference; fileEncoding = 4; lastKnownFileType = sourcecode.swift; path = Status.swift; sourceTree = "<group>"; };
		5BEE0E4125B2231800F4158F /* CellType.swift */ = {isa = PBXFileReference; fileEncoding = 4; lastKnownFileType = sourcecode.swift; path = CellType.swift; sourceTree = "<group>"; };
		5BEE0E4225B2231800F4158F /* HeaderViewModel.swift */ = {isa = PBXFileReference; fileEncoding = 4; lastKnownFileType = sourcecode.swift; path = HeaderViewModel.swift; sourceTree = "<group>"; };
		5BEE0E4325B2231800F4158F /* LoadingState.swift */ = {isa = PBXFileReference; fileEncoding = 4; lastKnownFileType = sourcecode.swift; path = LoadingState.swift; sourceTree = "<group>"; };
		5BEE0E4425B2231800F4158F /* AlertViewModel.swift */ = {isa = PBXFileReference; fileEncoding = 4; lastKnownFileType = sourcecode.swift; path = AlertViewModel.swift; sourceTree = "<group>"; };
/* End PBXFileReference section */

/* Begin PBXFrameworksBuildPhase section */
		5BEE0DC425B21E7D00F4158F /* Frameworks */ = {
			isa = PBXFrameworksBuildPhase;
			buildActionMask = 2147483647;
			files = (
				5B0CA95925D1208A003257DF /* NetworkExtension.framework in Frameworks */,
			);
			runOnlyForDeploymentPostprocessing = 0;
		};
		5BEE0DDA25B21E7E00F4158F /* Frameworks */ = {
			isa = PBXFrameworksBuildPhase;
			buildActionMask = 2147483647;
			files = (
			);
			runOnlyForDeploymentPostprocessing = 0;
		};
		5BEE0DE525B21E7E00F4158F /* Frameworks */ = {
			isa = PBXFrameworksBuildPhase;
			buildActionMask = 2147483647;
			files = (
			);
			runOnlyForDeploymentPostprocessing = 0;
		};
/* End PBXFrameworksBuildPhase section */

/* Begin PBXGroup section */
		5B0CA96C25D1396D003257DF /* AddRecipe */ = {
			isa = PBXGroup;
			children = (
				5B0CA96E25D1397F003257DF /* ViewModel */,
				5B0CA96D25D1397A003257DF /* View */,
			);
			path = AddRecipe;
			sourceTree = "<group>";
		};
		5B0CA96D25D1397A003257DF /* View */ = {
			isa = PBXGroup;
			children = (
				5B0CA96F25D1399A003257DF /* AddRecipeViewController.swift */,
			);
			path = View;
			sourceTree = "<group>";
		};
		5B0CA96E25D1397F003257DF /* ViewModel */ = {
			isa = PBXGroup;
			children = (
				5B0CA97425D139A4003257DF /* AddRecipeViewModel.swift */,
			);
			path = ViewModel;
			sourceTree = "<group>";
		};
		5BEE0DBE25B21E7D00F4158F = {
			isa = PBXGroup;
			children = (
				5BEE0DC925B21E7D00F4158F /* PersonalRecipe */,
				5BEE0DE025B21E7E00F4158F /* PersonalRecipeTests */,
				5BEE0DEB25B21E7E00F4158F /* PersonalRecipeUITests */,
				5BEE0DC825B21E7D00F4158F /* Products */,
				B848A63711375B67C14F1973 /* Frameworks */,
			);
			sourceTree = "<group>";
		};
		5BEE0DC825B21E7D00F4158F /* Products */ = {
			isa = PBXGroup;
			children = (
				5BEE0DC725B21E7D00F4158F /* PersonalRecipe.app */,
				5BEE0DDD25B21E7E00F4158F /* PersonalRecipeTests.xctest */,
				5BEE0DE825B21E7E00F4158F /* PersonalRecipeUITests.xctest */,
			);
			name = Products;
			sourceTree = "<group>";
		};
		5BEE0DC925B21E7D00F4158F /* PersonalRecipe */ = {
			isa = PBXGroup;
			children = (
				5B0CA95725D12089003257DF /* PersonalRecipe.entitlements */,
				5BEE0E2825B2230600F4158F /* Utils */,
				5BEE0E4025B2231800F4158F /* Library */,
				5BEE0E3625B2230E00F4158F /* Services */,
				5BEE0E1525B222F600F4158F /* Models */,
				5BEE0E1B25B2230000F4158F /* en.lproj */,
				5BEE0E0625B222E700F4158F /* Modules */,
				5BEE0DCC25B21E7D00F4158F /* SceneDelegate.swift */,
				5BEE0DCA25B21E7D00F4158F /* AppDelegate.swift */,
				5BEE0DD325B21E7D00F4158F /* Assets.xcassets */,
				5BEE0DD525B21E7D00F4158F /* LaunchScreen.storyboard */,
				5BEE0DD825B21E7D00F4158F /* Info.plist */,
			);
			path = PersonalRecipe;
			sourceTree = "<group>";
		};
		5BEE0DE025B21E7E00F4158F /* PersonalRecipeTests */ = {
			isa = PBXGroup;
			children = (
				5BEE0DE125B21E7E00F4158F /* PersonalRecipeTests.swift */,
				5BEE0DE325B21E7E00F4158F /* Info.plist */,
			);
			path = PersonalRecipeTests;
			sourceTree = "<group>";
		};
		5BEE0DEB25B21E7E00F4158F /* PersonalRecipeUITests */ = {
			isa = PBXGroup;
			children = (
				5BEE0DEC25B21E7E00F4158F /* PersonalRecipeUITests.swift */,
				5BEE0DEE25B21E7E00F4158F /* Info.plist */,
			);
			path = PersonalRecipeUITests;
			sourceTree = "<group>";
		};
		5BEE0E0625B222E700F4158F /* Modules */ = {
			isa = PBXGroup;
			children = (
				5B0CA96C25D1396D003257DF /* AddRecipe */,
				5BEE0E0725B222E700F4158F /* Recipes */,
			);
			path = Modules;
			sourceTree = "<group>";
		};
		5BEE0E0725B222E700F4158F /* Recipes */ = {
			isa = PBXGroup;
			children = (
				5BEE0E0825B222E700F4158F /* ViewModel */,
				5BEE0E0A25B222E700F4158F /* View */,
			);
			path = Recipes;
			sourceTree = "<group>";
		};
		5BEE0E0825B222E700F4158F /* ViewModel */ = {
			isa = PBXGroup;
			children = (
				5BEE0E0925B222E700F4158F /* RecipesViewModel.swift */,
				5B79EF2F25F589710090AD8B /* RecipeCellViewModel.swift */,
			);
			path = ViewModel;
			sourceTree = "<group>";
		};
		5BEE0E0A25B222E700F4158F /* View */ = {
			isa = PBXGroup;
			children = (
				5BEE0E0B25B222E700F4158F /* EmptyView.swift */,
				5BEE0E0C25B222E700F4158F /* RecipesViewController.swift */,
				5BEE0E0D25B222E700F4158F /* ReceipeCell.swift */,
			);
			path = View;
			sourceTree = "<group>";
		};
		5BEE0E1525B222F600F4158F /* Models */ = {
			isa = PBXGroup;
			children = (
				5BEE0E1625B222F600F4158F /* Recipe.swift */,
			);
			path = Models;
			sourceTree = "<group>";
		};
		5BEE0E1B25B2230000F4158F /* en.lproj */ = {
			isa = PBXGroup;
			children = (
				5BEE0E1C25B2230000F4158F /* LaunchScreen.strings */,
				5BEE0E2025B2230000F4158F /* Localizable.strings */,
			);
			path = en.lproj;
			sourceTree = "<group>";
		};
		5BEE0E2825B2230600F4158F /* Utils */ = {
			isa = PBXGroup;
			children = (
				5BEE0E2925B2230600F4158F /* UIAlertController+Extension.swift */,
				5BEE0E2A25B2230600F4158F /* Strings+Extension.swift */,
				5BEE0E2B25B2230600F4158F /* DeviceType.swift */,
				5BEE0E2C25B2230600F4158F /* AppConstants.swift */,
				5BEE0E2D25B2230600F4158F /* Endpoint.swift */,
				5B955C4725F2D12A005B9669 /* ImageView+Exension.swift */,
			);
			path = Utils;
			sourceTree = "<group>";
		};
		5BEE0E3625B2230E00F4158F /* Services */ = {
			isa = PBXGroup;
			children = (
				5BEE0E3725B2230E00F4158F /* APIError.swift */,
				5BEE0E3825B2230E00F4158F /* ServiceManager.swift */,
				5BEE0E3925B2230E00F4158F /* Status.swift */,
			);
			path = Services;
			sourceTree = "<group>";
		};
		5BEE0E4025B2231800F4158F /* Library */ = {
			isa = PBXGroup;
			children = (
				5BEE0E4125B2231800F4158F /* CellType.swift */,
				5BEE0E4225B2231800F4158F /* HeaderViewModel.swift */,
				5BEE0E4325B2231800F4158F /* LoadingState.swift */,
				5BEE0E4425B2231800F4158F /* AlertViewModel.swift */,
			);
			path = Library;
			sourceTree = "<group>";
		};
		B848A63711375B67C14F1973 /* Frameworks */ = {
			isa = PBXGroup;
			children = (
				5B0CA95825D1208A003257DF /* NetworkExtension.framework */,
			);
			name = Frameworks;
			sourceTree = "<group>";
		};
/* End PBXGroup section */

/* Begin PBXNativeTarget section */
		5BEE0DC625B21E7D00F4158F /* PersonalRecipe */ = {
			isa = PBXNativeTarget;
			buildConfigurationList = 5BEE0DF125B21E7E00F4158F /* Build configuration list for PBXNativeTarget "PersonalRecipe" */;
			buildPhases = (
				5BEE0DC325B21E7D00F4158F /* Sources */,
				5BEE0DC425B21E7D00F4158F /* Frameworks */,
				5BEE0DC525B21E7D00F4158F /* Resources */,
			);
			buildRules = (
			);
			dependencies = (
			);
			name = PersonalRecipe;
			packageProductDependencies = (
			);
			productName = PersonalRecipe;
			productReference = 5BEE0DC725B21E7D00F4158F /* PersonalRecipe.app */;
			productType = "com.apple.product-type.application";
		};
		5BEE0DDC25B21E7E00F4158F /* PersonalRecipeTests */ = {
			isa = PBXNativeTarget;
			buildConfigurationList = 5BEE0DF425B21E7E00F4158F /* Build configuration list for PBXNativeTarget "PersonalRecipeTests" */;
			buildPhases = (
				5BEE0DD925B21E7E00F4158F /* Sources */,
				5BEE0DDA25B21E7E00F4158F /* Frameworks */,
				5BEE0DDB25B21E7E00F4158F /* Resources */,
			);
			buildRules = (
			);
			dependencies = (
				5BEE0DDF25B21E7E00F4158F /* PBXTargetDependency */,
			);
			name = PersonalRecipeTests;
			productName = PersonalRecipeTests;
			productReference = 5BEE0DDD25B21E7E00F4158F /* PersonalRecipeTests.xctest */;
			productType = "com.apple.product-type.bundle.unit-test";
		};
		5BEE0DE725B21E7E00F4158F /* PersonalRecipeUITests */ = {
			isa = PBXNativeTarget;
			buildConfigurationList = 5BEE0DF725B21E7E00F4158F /* Build configuration list for PBXNativeTarget "PersonalRecipeUITests" */;
			buildPhases = (
				5BEE0DE425B21E7E00F4158F /* Sources */,
				5BEE0DE525B21E7E00F4158F /* Frameworks */,
				5BEE0DE625B21E7E00F4158F /* Resources */,
			);
			buildRules = (
			);
			dependencies = (
				5BEE0DEA25B21E7E00F4158F /* PBXTargetDependency */,
			);
			name = PersonalRecipeUITests;
			productName = PersonalRecipeUITests;
			productReference = 5BEE0DE825B21E7E00F4158F /* PersonalRecipeUITests.xctest */;
			productType = "com.apple.product-type.bundle.ui-testing";
		};
/* End PBXNativeTarget section */

/* Begin PBXProject section */
		5BEE0DBF25B21E7D00F4158F /* Project object */ = {
			isa = PBXProject;
			attributes = {
				LastSwiftUpdateCheck = 1230;
				LastUpgradeCheck = 1230;
				TargetAttributes = {
					5BEE0DC625B21E7D00F4158F = {
						CreatedOnToolsVersion = 12.3;
					};
					5BEE0DDC25B21E7E00F4158F = {
						CreatedOnToolsVersion = 12.3;
						TestTargetID = 5BEE0DC625B21E7D00F4158F;
					};
					5BEE0DE725B21E7E00F4158F = {
						CreatedOnToolsVersion = 12.3;
						TestTargetID = 5BEE0DC625B21E7D00F4158F;
					};
				};
			};
			buildConfigurationList = 5BEE0DC225B21E7D00F4158F /* Build configuration list for PBXProject "PersonalRecipe" */;
			compatibilityVersion = "Xcode 9.3";
			developmentRegion = en;
			hasScannedForEncodings = 0;
			knownRegions = (
				en,
				Base,
			);
			mainGroup = 5BEE0DBE25B21E7D00F4158F;
			packageReferences = (
			);
			productRefGroup = 5BEE0DC825B21E7D00F4158F /* Products */;
			projectDirPath = "";
			projectRoot = "";
			targets = (
				5BEE0DC625B21E7D00F4158F /* PersonalRecipe */,
				5BEE0DDC25B21E7E00F4158F /* PersonalRecipeTests */,
				5BEE0DE725B21E7E00F4158F /* PersonalRecipeUITests */,
			);
		};
/* End PBXProject section */

/* Begin PBXResourcesBuildPhase section */
		5BEE0DC525B21E7D00F4158F /* Resources */ = {
			isa = PBXResourcesBuildPhase;
			buildActionMask = 2147483647;
			files = (
				5BEE0E2425B2230000F4158F /* Localizable.strings in Resources */,
				5BEE0DD725B21E7D00F4158F /* LaunchScreen.storyboard in Resources */,
				5BEE0E2225B2230000F4158F /* LaunchScreen.strings in Resources */,
				5BEE0DD425B21E7D00F4158F /* Assets.xcassets in Resources */,
			);
			runOnlyForDeploymentPostprocessing = 0;
		};
		5BEE0DDB25B21E7E00F4158F /* Resources */ = {
			isa = PBXResourcesBuildPhase;
			buildActionMask = 2147483647;
			files = (
			);
			runOnlyForDeploymentPostprocessing = 0;
		};
		5BEE0DE625B21E7E00F4158F /* Resources */ = {
			isa = PBXResourcesBuildPhase;
			buildActionMask = 2147483647;
			files = (
			);
			runOnlyForDeploymentPostprocessing = 0;
		};
/* End PBXResourcesBuildPhase section */

/* Begin PBXSourcesBuildPhase section */
		5BEE0DC325B21E7D00F4158F /* Sources */ = {
			isa = PBXSourcesBuildPhase;
			buildActionMask = 2147483647;
			files = (
				5BEE0E2F25B2230600F4158F /* Strings+Extension.swift in Sources */,
				5BEE0E2E25B2230600F4158F /* UIAlertController+Extension.swift in Sources */,
				5BEE0E4825B2231800F4158F /* AlertViewModel.swift in Sources */,
				5B955C4825F2D12A005B9669 /* ImageView+Exension.swift in Sources */,
				5B79EF3025F589710090AD8B /* RecipeCellViewModel.swift in Sources */,
				5BEE0E3225B2230600F4158F /* Endpoint.swift in Sources */,
				5BEE0E1725B222F600F4158F /* Recipe.swift in Sources */,
				5BEE0E4625B2231800F4158F /* HeaderViewModel.swift in Sources */,
				5BEE0E0F25B222E700F4158F /* EmptyView.swift in Sources */,
				5BEE0E1025B222E700F4158F /* RecipesViewController.swift in Sources */,
				5B0CA97525D139A4003257DF /* AddRecipeViewModel.swift in Sources */,
				5BEE0DCB25B21E7D00F4158F /* AppDelegate.swift in Sources */,
				5BEE0E3125B2230600F4158F /* AppConstants.swift in Sources */,
				5BEE0E0E25B222E700F4158F /* RecipesViewModel.swift in Sources */,
				5BEE0E4525B2231800F4158F /* CellType.swift in Sources */,
				5BEE0E4725B2231800F4158F /* LoadingState.swift in Sources */,
				5BEE0E3025B2230600F4158F /* DeviceType.swift in Sources */,
				5B0CA97025D1399A003257DF /* AddRecipeViewController.swift in Sources */,
				5BEE0E3C25B2230E00F4158F /* Status.swift in Sources */,
				5BEE0DCD25B21E7D00F4158F /* SceneDelegate.swift in Sources */,
				5BEE0E1125B222E700F4158F /* ReceipeCell.swift in Sources */,
				5BEE0E3A25B2230E00F4158F /* APIError.swift in Sources */,
				5BEE0E3B25B2230E00F4158F /* ServiceManager.swift in Sources */,
			);
			runOnlyForDeploymentPostprocessing = 0;
		};
		5BEE0DD925B21E7E00F4158F /* Sources */ = {
			isa = PBXSourcesBuildPhase;
			buildActionMask = 2147483647;
			files = (
				5BEE0DE225B21E7E00F4158F /* PersonalRecipeTests.swift in Sources */,
			);
			runOnlyForDeploymentPostprocessing = 0;
		};
		5BEE0DE425B21E7E00F4158F /* Sources */ = {
			isa = PBXSourcesBuildPhase;
			buildActionMask = 2147483647;
			files = (
				5BEE0DED25B21E7E00F4158F /* PersonalRecipeUITests.swift in Sources */,
			);
			runOnlyForDeploymentPostprocessing = 0;
		};
/* End PBXSourcesBuildPhase section */

/* Begin PBXTargetDependency section */
		5BEE0DDF25B21E7E00F4158F /* PBXTargetDependency */ = {
			isa = PBXTargetDependency;
			target = 5BEE0DC625B21E7D00F4158F /* PersonalRecipe */;
			targetProxy = 5BEE0DDE25B21E7E00F4158F /* PBXContainerItemProxy */;
		};
		5BEE0DEA25B21E7E00F4158F /* PBXTargetDependency */ = {
			isa = PBXTargetDependency;
			target = 5BEE0DC625B21E7D00F4158F /* PersonalRecipe */;
			targetProxy = 5BEE0DE925B21E7E00F4158F /* PBXContainerItemProxy */;
		};
/* End PBXTargetDependency section */

/* Begin PBXVariantGroup section */
		5BEE0DD525B21E7D00F4158F /* LaunchScreen.storyboard */ = {
			isa = PBXVariantGroup;
			children = (
				5BEE0DD625B21E7D00F4158F /* Base */,
			);
			name = LaunchScreen.storyboard;
			sourceTree = "<group>";
		};
		5BEE0E1C25B2230000F4158F /* LaunchScreen.strings */ = {
			isa = PBXVariantGroup;
			children = (
				5BEE0E1D25B2230000F4158F /* en */,
			);
			name = LaunchScreen.strings;
			sourceTree = "<group>";
		};
		5BEE0E2025B2230000F4158F /* Localizable.strings */ = {
			isa = PBXVariantGroup;
			children = (
				5BEE0E2125B2230000F4158F /* en */,
			);
			name = Localizable.strings;
			sourceTree = "<group>";
		};
/* End PBXVariantGroup section */

/* Begin XCBuildConfiguration section */
		5BEE0DEF25B21E7E00F4158F /* Debug */ = {
			isa = XCBuildConfiguration;
			buildSettings = {
				ALWAYS_SEARCH_USER_PATHS = NO;
				CLANG_ANALYZER_NONNULL = YES;
				CLANG_ANALYZER_NUMBER_OBJECT_CONVERSION = YES_AGGRESSIVE;
				CLANG_CXX_LANGUAGE_STANDARD = "gnu++14";
				CLANG_CXX_LIBRARY = "libc++";
				CLANG_ENABLE_MODULES = YES;
				CLANG_ENABLE_OBJC_ARC = YES;
				CLANG_ENABLE_OBJC_WEAK = YES;
				CLANG_WARN_BLOCK_CAPTURE_AUTORELEASING = YES;
				CLANG_WARN_BOOL_CONVERSION = YES;
				CLANG_WARN_COMMA = YES;
				CLANG_WARN_CONSTANT_CONVERSION = YES;
				CLANG_WARN_DEPRECATED_OBJC_IMPLEMENTATIONS = YES;
				CLANG_WARN_DIRECT_OBJC_ISA_USAGE = YES_ERROR;
				CLANG_WARN_DOCUMENTATION_COMMENTS = YES;
				CLANG_WARN_EMPTY_BODY = YES;
				CLANG_WARN_ENUM_CONVERSION = YES;
				CLANG_WARN_INFINITE_RECURSION = YES;
				CLANG_WARN_INT_CONVERSION = YES;
				CLANG_WARN_NON_LITERAL_NULL_CONVERSION = YES;
				CLANG_WARN_OBJC_IMPLICIT_RETAIN_SELF = YES;
				CLANG_WARN_OBJC_LITERAL_CONVERSION = YES;
				CLANG_WARN_OBJC_ROOT_CLASS = YES_ERROR;
				CLANG_WARN_QUOTED_INCLUDE_IN_FRAMEWORK_HEADER = YES;
				CLANG_WARN_RANGE_LOOP_ANALYSIS = YES;
				CLANG_WARN_STRICT_PROTOTYPES = YES;
				CLANG_WARN_SUSPICIOUS_MOVE = YES;
				CLANG_WARN_UNGUARDED_AVAILABILITY = YES_AGGRESSIVE;
				CLANG_WARN_UNREACHABLE_CODE = YES;
				CLANG_WARN__DUPLICATE_METHOD_MATCH = YES;
				COPY_PHASE_STRIP = NO;
				DEBUG_INFORMATION_FORMAT = dwarf;
				ENABLE_STRICT_OBJC_MSGSEND = YES;
				ENABLE_TESTABILITY = YES;
				GCC_C_LANGUAGE_STANDARD = gnu11;
				GCC_DYNAMIC_NO_PIC = NO;
				GCC_NO_COMMON_BLOCKS = YES;
				GCC_OPTIMIZATION_LEVEL = 0;
				GCC_PREPROCESSOR_DEFINITIONS = (
					"DEBUG=1",
					"$(inherited)",
				);
				GCC_WARN_64_TO_32_BIT_CONVERSION = YES;
				GCC_WARN_ABOUT_RETURN_TYPE = YES_ERROR;
				GCC_WARN_UNDECLARED_SELECTOR = YES;
				GCC_WARN_UNINITIALIZED_AUTOS = YES_AGGRESSIVE;
				GCC_WARN_UNUSED_FUNCTION = YES;
				GCC_WARN_UNUSED_VARIABLE = YES;
				IPHONEOS_DEPLOYMENT_TARGET = 13.0;
				MTL_ENABLE_DEBUG_INFO = INCLUDE_SOURCE;
				MTL_FAST_MATH = YES;
				ONLY_ACTIVE_ARCH = YES;
				SDKROOT = iphoneos;
				SWIFT_ACTIVE_COMPILATION_CONDITIONS = DEBUG;
				SWIFT_OPTIMIZATION_LEVEL = "-Onone";
			};
			name = Debug;
		};
		5BEE0DF025B21E7E00F4158F /* Release */ = {
			isa = XCBuildConfiguration;
			buildSettings = {
				ALWAYS_SEARCH_USER_PATHS = NO;
				CLANG_ANALYZER_NONNULL = YES;
				CLANG_ANALYZER_NUMBER_OBJECT_CONVERSION = YES_AGGRESSIVE;
				CLANG_CXX_LANGUAGE_STANDARD = "gnu++14";
				CLANG_CXX_LIBRARY = "libc++";
				CLANG_ENABLE_MODULES = YES;
				CLANG_ENABLE_OBJC_ARC = YES;
				CLANG_ENABLE_OBJC_WEAK = YES;
				CLANG_WARN_BLOCK_CAPTURE_AUTORELEASING = YES;
				CLANG_WARN_BOOL_CONVERSION = YES;
				CLANG_WARN_COMMA = YES;
				CLANG_WARN_CONSTANT_CONVERSION = YES;
				CLANG_WARN_DEPRECATED_OBJC_IMPLEMENTATIONS = YES;
				CLANG_WARN_DIRECT_OBJC_ISA_USAGE = YES_ERROR;
				CLANG_WARN_DOCUMENTATION_COMMENTS = YES;
				CLANG_WARN_EMPTY_BODY = YES;
				CLANG_WARN_ENUM_CONVERSION = YES;
				CLANG_WARN_INFINITE_RECURSION = YES;
				CLANG_WARN_INT_CONVERSION = YES;
				CLANG_WARN_NON_LITERAL_NULL_CONVERSION = YES;
				CLANG_WARN_OBJC_IMPLICIT_RETAIN_SELF = YES;
				CLANG_WARN_OBJC_LITERAL_CONVERSION = YES;
				CLANG_WARN_OBJC_ROOT_CLASS = YES_ERROR;
				CLANG_WARN_QUOTED_INCLUDE_IN_FRAMEWORK_HEADER = YES;
				CLANG_WARN_RANGE_LOOP_ANALYSIS = YES;
				CLANG_WARN_STRICT_PROTOTYPES = YES;
				CLANG_WARN_SUSPICIOUS_MOVE = YES;
				CLANG_WARN_UNGUARDED_AVAILABILITY = YES_AGGRESSIVE;
				CLANG_WARN_UNREACHABLE_CODE = YES;
				CLANG_WARN__DUPLICATE_METHOD_MATCH = YES;
				COPY_PHASE_STRIP = NO;
				DEBUG_INFORMATION_FORMAT = "dwarf-with-dsym";
				ENABLE_NS_ASSERTIONS = NO;
				ENABLE_STRICT_OBJC_MSGSEND = YES;
				GCC_C_LANGUAGE_STANDARD = gnu11;
				GCC_NO_COMMON_BLOCKS = YES;
				GCC_WARN_64_TO_32_BIT_CONVERSION = YES;
				GCC_WARN_ABOUT_RETURN_TYPE = YES_ERROR;
				GCC_WARN_UNDECLARED_SELECTOR = YES;
				GCC_WARN_UNINITIALIZED_AUTOS = YES_AGGRESSIVE;
				GCC_WARN_UNUSED_FUNCTION = YES;
				GCC_WARN_UNUSED_VARIABLE = YES;
				IPHONEOS_DEPLOYMENT_TARGET = 13.0;
				MTL_ENABLE_DEBUG_INFO = NO;
				MTL_FAST_MATH = YES;
				SDKROOT = iphoneos;
				SWIFT_COMPILATION_MODE = wholemodule;
				SWIFT_OPTIMIZATION_LEVEL = "-O";
				VALIDATE_PRODUCT = YES;
			};
			name = Release;
		};
		5BEE0DF225B21E7E00F4158F /* Debug */ = {
			isa = XCBuildConfiguration;
			buildSettings = {
				ASSETCATALOG_COMPILER_APPICON_NAME = AppIcon;
				ASSETCATALOG_COMPILER_GLOBAL_ACCENT_COLOR_NAME = AccentColor;
				CODE_SIGN_ENTITLEMENTS = PersonalRecipe/PersonalRecipe.entitlements;
				CODE_SIGN_STYLE = Automatic;
				DEVELOPMENT_TEAM = J6QU4CTJD7;
				INFOPLIST_FILE = PersonalRecipe/Info.plist;
				LD_RUNPATH_SEARCH_PATHS = (
					"$(inherited)",
					"@executable_path/Frameworks",
				);
				PRODUCT_BUNDLE_IDENTIFIER = com.pixycoders.PersonalRecipe;
				PRODUCT_NAME = "$(TARGET_NAME)";
				SWIFT_VERSION = 5.0;
				TARGETED_DEVICE_FAMILY = "1,2";
			};
			name = Debug;
		};
		5BEE0DF325B21E7E00F4158F /* Release */ = {
			isa = XCBuildConfiguration;
			buildSettings = {
				ASSETCATALOG_COMPILER_APPICON_NAME = AppIcon;
				ASSETCATALOG_COMPILER_GLOBAL_ACCENT_COLOR_NAME = AccentColor;
				CODE_SIGN_ENTITLEMENTS = PersonalRecipe/PersonalRecipe.entitlements;
				CODE_SIGN_STYLE = Automatic;
				DEVELOPMENT_TEAM = J6QU4CTJD7;
				INFOPLIST_FILE = PersonalRecipe/Info.plist;
				LD_RUNPATH_SEARCH_PATHS = (
					"$(inherited)",
					"@executable_path/Frameworks",
				);
				PRODUCT_BUNDLE_IDENTIFIER = com.pixycoders.PersonalRecipe;
				PRODUCT_NAME = "$(TARGET_NAME)";
				SWIFT_VERSION = 5.0;
				TARGETED_DEVICE_FAMILY = "1,2";
			};
			name = Release;
		};
		5BEE0DF525B21E7E00F4158F /* Debug */ = {
			isa = XCBuildConfiguration;
			buildSettings = {
				ALWAYS_EMBED_SWIFT_STANDARD_LIBRARIES = YES;
				BUNDLE_LOADER = "$(TEST_HOST)";
				CODE_SIGN_STYLE = Automatic;
				DEVELOPMENT_TEAM = J6QU4CTJD7;
				INFOPLIST_FILE = PersonalRecipeTests/Info.plist;
				IPHONEOS_DEPLOYMENT_TARGET = 14.3;
				LD_RUNPATH_SEARCH_PATHS = (
					"$(inherited)",
					"@executable_path/Frameworks",
					"@loader_path/Frameworks",
				);
				PRODUCT_BUNDLE_IDENTIFIER = com.pixycoders.PersonalRecipeTests;
				PRODUCT_NAME = "$(TARGET_NAME)";
				SWIFT_VERSION = 5.0;
				TARGETED_DEVICE_FAMILY = "1,2";
				TEST_HOST = "$(BUILT_PRODUCTS_DIR)/PersonalRecipe.app/PersonalRecipe";
			};
			name = Debug;
		};
		5BEE0DF625B21E7E00F4158F /* Release */ = {
			isa = XCBuildConfiguration;
			buildSettings = {
				ALWAYS_EMBED_SWIFT_STANDARD_LIBRARIES = YES;
				BUNDLE_LOADER = "$(TEST_HOST)";
				CODE_SIGN_STYLE = Automatic;
				DEVELOPMENT_TEAM = J6QU4CTJD7;
				INFOPLIST_FILE = PersonalRecipeTests/Info.plist;
				IPHONEOS_DEPLOYMENT_TARGET = 14.3;
				LD_RUNPATH_SEARCH_PATHS = (
					"$(inherited)",
					"@executable_path/Frameworks",
					"@loader_path/Frameworks",
				);
				PRODUCT_BUNDLE_IDENTIFIER = com.pixycoders.PersonalRecipeTests;
				PRODUCT_NAME = "$(TARGET_NAME)";
				SWIFT_VERSION = 5.0;
				TARGETED_DEVICE_FAMILY = "1,2";
				TEST_HOST = "$(BUILT_PRODUCTS_DIR)/PersonalRecipe.app/PersonalRecipe";
			};
			name = Release;
		};
		5BEE0DF825B21E7E00F4158F /* Debug */ = {
			isa = XCBuildConfiguration;
			buildSettings = {
				ALWAYS_EMBED_SWIFT_STANDARD_LIBRARIES = YES;
				CODE_SIGN_STYLE = Automatic;
				DEVELOPMENT_TEAM = J6QU4CTJD7;
				INFOPLIST_FILE = PersonalRecipeUITests/Info.plist;
				LD_RUNPATH_SEARCH_PATHS = (
					"$(inherited)",
					"@executable_path/Frameworks",
					"@loader_path/Frameworks",
				);
				PRODUCT_BUNDLE_IDENTIFIER = com.pixycoders.PersonalRecipeUITests;
				PRODUCT_NAME = "$(TARGET_NAME)";
				SWIFT_VERSION = 5.0;
				TARGETED_DEVICE_FAMILY = "1,2";
				TEST_TARGET_NAME = PersonalRecipe;
			};
			name = Debug;
		};
		5BEE0DF925B21E7E00F4158F /* Release */ = {
			isa = XCBuildConfiguration;
			buildSettings = {
				ALWAYS_EMBED_SWIFT_STANDARD_LIBRARIES = YES;
				CODE_SIGN_STYLE = Automatic;
				DEVELOPMENT_TEAM = J6QU4CTJD7;
				INFOPLIST_FILE = PersonalRecipeUITests/Info.plist;
				LD_RUNPATH_SEARCH_PATHS = (
					"$(inherited)",
					"@executable_path/Frameworks",
					"@loader_path/Frameworks",
				);
				PRODUCT_BUNDLE_IDENTIFIER = com.pixycoders.PersonalRecipeUITests;
				PRODUCT_NAME = "$(TARGET_NAME)";
				SWIFT_VERSION = 5.0;
				TARGETED_DEVICE_FAMILY = "1,2";
				TEST_TARGET_NAME = PersonalRecipe;
			};
			name = Release;
		};
/* End XCBuildConfiguration section */

/* Begin XCConfigurationList section */
		5BEE0DC225B21E7D00F4158F /* Build configuration list for PBXProject "PersonalRecipe" */ = {
			isa = XCConfigurationList;
			buildConfigurations = (
				5BEE0DEF25B21E7E00F4158F /* Debug */,
				5BEE0DF025B21E7E00F4158F /* Release */,
			);
			defaultConfigurationIsVisible = 0;
			defaultConfigurationName = Release;
		};
		5BEE0DF125B21E7E00F4158F /* Build configuration list for PBXNativeTarget "PersonalRecipe" */ = {
			isa = XCConfigurationList;
			buildConfigurations = (
				5BEE0DF225B21E7E00F4158F /* Debug */,
				5BEE0DF325B21E7E00F4158F /* Release */,
			);
			defaultConfigurationIsVisible = 0;
			defaultConfigurationName = Release;
		};
		5BEE0DF425B21E7E00F4158F /* Build configuration list for PBXNativeTarget "PersonalRecipeTests" */ = {
			isa = XCConfigurationList;
			buildConfigurations = (
				5BEE0DF525B21E7E00F4158F /* Debug */,
				5BEE0DF625B21E7E00F4158F /* Release */,
			);
			defaultConfigurationIsVisible = 0;
			defaultConfigurationName = Release;
		};
		5BEE0DF725B21E7E00F4158F /* Build configuration list for PBXNativeTarget "PersonalRecipeUITests" */ = {
			isa = XCConfigurationList;
			buildConfigurations = (
				5BEE0DF825B21E7E00F4158F /* Debug */,
				5BEE0DF925B21E7E00F4158F /* Release */,
			);
			defaultConfigurationIsVisible = 0;
			defaultConfigurationName = Release;
		};
/* End XCConfigurationList section */
	};
	rootObject = 5BEE0DBF25B21E7D00F4158F /* Project object */;
}
